{
  "name": "ancient-lockfile-invalid",
  "description": "a project with an ancient lockfile that is invalid",
  "lockfileVersion": 1,
  "dependencies": {
    "@isaacs/this-does-not-exist-at-all": {
      "version": "https://registry.npmjs.org/@isaacs%2fthis-does-not-exist-at-all/-/this-does-not-exist-at-all-1.2.3.tgz",
      "integrity": "sha1-notActuallyTheSha="
    }
  }
}
