{
  "requires": true,
  "lockfileVersion": 1,
  "dependencies": {
    "foo": {
      "version": "file:once",
      "requires": {
        "wrappy": "1"
      },
      "dependencies": {
        "wrappy": {
          "version": "1.0.2"
        }
      }
    },
    "once": {
      "version": "file:once",
      "requires": {
        "wrappy": "1"
      },
      "dependencies": {
        "wrappy": {
          "version": "1.0.2"
        }
      }
    }
  }
}
