{
  "name": "testing-bundledeps-3",
  "version": "1.0.0",
  "lockfileVersion": 1,
  "requires": true,
  "dependencies": {
    "@isaacs/testing-bundledeps-parent": {
      "version": "1.0.0",
      "resolved": "https://registry.npmjs.org/@isaacs/testing-bundledeps-parent/-/testing-bundledeps-parent-1.0.0.tgz",
      "integrity": "sha512-b5B6lEyD8JwZczumcy+RmrRqEJ5SS3HzFV/HnZoTH2UN1cYNpFrSiS5WDYs8mrdOm5DQYYrl3X2k/4bIEVmWfw==",
      "requires": {
        "@isaacs/testing-bundledeps": "^1.0.0"
      },
      "dependencies": {
        "@isaacs/testing-bundledeps": {
          "version": "1.0.0",
          "resolved": "https://registry.npmjs.org/@isaacs/testing-bundledeps/-/testing-bundledeps-1.0.0.tgz",
          "integrity": "sha512-P8AF2FoTfHOPGY6W53FHVg9mza6ipzkppAwnbnNNkPaLQIEFTpx3U95ir1AKqmub7nTi115Qi6zHiqJzGe5Cqg==",
          "requires": {
            "@isaacs/testing-bundledeps-a": "*",
            "@isaacs/testing-bundledeps-c": "*"
          },
          "dependencies": {
            "@isaacs/testing-bundledeps-a": {
              "version": "1.0.0",
              "resolved": "https://registry.npmjs.org/@isaacs/testing-bundledeps-a/-/testing-bundledeps-a-1.0.0.tgz",
              "integrity": "sha512-2b/w0tAsreSNReTbLmIf+1jtt8R0cvMgMCeLF4P2LAE6cmKw7aIjLPupeB+5R8dm1BoMUuZbzFCzw0P4vP6spw==",
              "bundled": true,
              "requires": {
                "@isaacs/testing-bundledeps-b": "*"
              }
            },
            "@isaacs/testing-bundledeps-b": {
              "version": "1.0.0",
              "resolved": "https://registry.npmjs.org/@isaacs/testing-bundledeps-b/-/testing-bundledeps-b-1.0.0.tgz",
              "integrity": "sha512-UDbCq7GHRDb743m4VBpnsui6hNeB3o08qe/FRnX9JFo0VHnLoXkdtvm/WurwABLxL/xw5wP/tfN2jF90EjQehQ==",
              "bundled": true
            },
            "@isaacs/testing-bundledeps-c": {
              "version": "2.0.0",
              "resolved": "https://registry.npmjs.org/@isaacs/testing-bundledeps-c/-/testing-bundledeps-c-2.0.0.tgz",
              "integrity": "sha512-nwGzs5eUI+0/+CB2oF7ce3Xu070w38pB//NoV9I9RedeT/+Y4fiOcIbLXYzt/yVJkZEOmTYXa1lVsrTypPvtlA==",
              "requires": {
                "@isaacs/testing-bundledeps-b": "*"
              }
            }
          }
        }
      }
    }
  }
}
