{
  "requires": true,
  "lockfileVersion": 1,
  "dependencies": {
    "minimist": {
      "optional": true,
      "version": "0.0.8",
      "resolved": "https://registry.npmjs.org/minimist/-/minimist-0.0.8.tgz",
      "integrity": "sha1-hX/Kv8M5fSYluCKCYuhqp6ARsF0="
    },
    "@isaacs/this-does-not-exist-at-all": {
      "optional": true,
      "version": "0.5.1",
      "resolved": "https://registry.npmjs.org/@isaacs/this-does-not-exist-at-all/-/this-does-not-exist-at-all-0.5.1.tgz",
      "integrity": "sha1-MAV0OOrGz3+MR2fzhkjWaX11yQM=",
      "requires": {
        "minimist": "0.0.8"
      }
    }
  }
}
