{
  "name": "old-package-lock-with-bins",
  "version": "1.0.0",
  "lockfileVersion": 1,
  "requires": true,
  "dependencies": {
    "ruy": {
      "version": "1.0.0",
      "resolved": "https://registry.npmjs.org/ruy/-/ruy-1.0.0.tgz",
      "integrity": "sha512-VYppDTCM6INWUMKlWiKws4nVMuCNU5h+xjF6lj/0y90rLq017/m8aEpNy4zQSZFV2qz66U/hRZwwlSLJ5l5JMQ=="
    }
  }
}
