{
  "name": "root",
  "version": "1.2.3",
  "lockfileVersion": 1,
  "requires": true,
  "dependencies": {
    "bork": {
      "version": "file:..",
      "requires": {
        "foo": "file:../once",
        "once": "file:../once"
      },
      "dependencies": {
        "foo": {
          "version": "file:../once",
          "requires": {
            "wrappy": "1"
          },
          "dependencies": {
            "wrappy": {
              "version": "1.0.2"
            }
          }
        },
        "once": {
          "version": "file:../once",
          "requires": {
            "wrappy": "1"
          },
          "dependencies": {
            "wrappy": {
              "version": "1.0.2"
            }
          }
        }
      }
    }
  }
}
