{
  "name": "extraneous-platform-test",
  "version": "1.0.0",
  "lockfileVersion": 3,
  "requires": true,
  "packages": {
    "": {
      "version": "1.0.0",
      "license": "ISC",
      "dependencies": {
        "shrinkwrapped-package-with-optional-platform-dependancies": "^1.0.0"
      }
    },
    "shrinkwrapped-package-with-optional-platform-dependancies": {
      "version": "1.0.0",
      "hasShrinkwrap": true,
      "devDependencies": {
        "dependency-with-optional-platform-dependancies": "^1.0.0"
      }
    },
    "node_modules/shrinkwrapped-package-with-optional-platform-dependancies/node_modules/dependency-with-optional-platform-dependancies": {
      "version": "1.0.0",
      "extraneous": true,
      "optionalDependencies": {
        "platform-specifying-test-package": "1.0.0"
      }
    },
    "node_modules/shrinkwrapped-package-with-optional-platform-dependancies/node_modules/platform-specifying-test-package": {
      "version": "1.0.0",
      "cpu": ["x64"],
      "extraneous": true,
      "os": ["not-your-os"]
    }
  }
}
