{
  "name": "conflict-package-lock",
  "lockfileVersion": 2,
  "requires": true,
  "packages": {
    "": {
      "name": "conflict-package-lock",
      "dependencies": {
        "abbrev": "1"
      }
    },
    "node_modules/abbrev": {
<<<<<<< HEAD
      "version": "1.1.1",
=======
      "version": "1.1.2",
>>>>>>> conflict
      "integrity": "sha512-nne9/IiQ/hzIhY6pdDnbBtz7DjPTKrY00P/zvPSm5pOFkl6xuGrGnXn/VtTNNfNtAfZ9/1RtehkszU9qcTii0Q=="
    }
  },
  "dependencies": {
    "abbrev": {
<<<<<<< HEAD
      "version": "1.1.1",
=======
      "version": "1.1.2",
>>>>>>> conflict
    }
  }
}