{
  "name": "dev-engine-test",
  "version": "1.0.0",
  "lockfileVersion": 2,
  "requires": true,
  "packages": {
    "": {
      "version": "1.0.0",
      "license": "ISC",
      "devDependencies": {
        "engine-specifying-test-package": "^1.0.0"
      }
    },
    "node_modules/engine-specifying-test-package": {
      "version": "1.0.0",
      "resolved": "https://registry.npmjs.org/engine-specifying-test-package/-/engine-specifying-test-package-1.0.0.tgz",
      "integrity": "sha512-JmEWb6ITItHkbeGYNpQ8IcvyFl32Nz7f3kDlYD2MukQQMLcWIzNeMd7NeSFxATKvuRnrlUT+8lKdWEjBlaPd4Q==",
      "dev": true,
      "engines": {
        "node": "8.17.0"
      }
    }
  },
  "dependencies": {
    "engine-specifying-test-package": {
      "version": "1.0.0",
      "resolved": "https://registry.npmjs.org/engine-specifying-test-package/-/engine-specifying-test-package-1.0.0.tgz",
      "integrity": "sha512-JmEWb6ITItHkbeGYNpQ8IcvyFl32Nz7f3kDlYD2MukQQMLcWIzNeMd7NeSFxATKvuRnrlUT+8lKdWEjBlaPd4Q==",
      "dev": true
    }
  }
}
